lockfileVersion: 5.4

specifiers:
  '@parcel/core': ^2.5.0
  '@parcel/plugin': ^2.5.0
  '@tsconfig/recommended': ^1.0.1
  '@types/node': ^17.0.33
  eta: ^1.12.3
  typescript: ^4.6.4

dependencies:
  '@parcel/plugin': 2.5.0_@parcel+core@2.5.0
  eta: 1.12.3

devDependencies:
  '@parcel/core': 2.5.0
  '@tsconfig/recommended': 1.0.1
  '@types/node': 17.0.33
  typescript: 4.6.4

packages:

  /@lezer/common/0.15.12:
    resolution: {integrity: sha512-edfwCxNLnzq5pBA/yaIhwJ3U3Kz8VAUOTRg0hhxaizaI1N+qxV7EXDv/kLCkLeq2RzSFvxexlaj5Mzfn2kY0Ig==}

  /@lezer/lr/0.15.8:
    resolution: {integrity: sha512-bM6oE6VQZ6hIFxDNKk8bKPa14hqFrV07J/vHGOeiAbJReIaQXmkVb6xQu4MR+JBTLa5arGRyAAjJe1qaQt3Uvg==}
    dependencies:
      '@lezer/common': 0.15.12

  /@mischnic/json-sourcemap/0.1.0:
    resolution: {integrity: sha512-dQb3QnfNqmQNYA4nFSN/uLaByIic58gOXq4Y4XqLOWmOrw73KmJPt/HLyG0wvn1bnR6mBKs/Uwvkh+Hns1T0XA==}
    engines: {node: '>=12.0.0'}
    dependencies:
      '@lezer/common': 0.15.12
      '@lezer/lr': 0.15.8
      json5: 2.2.1

  /@parcel/cache/2.5.0_@parcel+core@2.5.0:
    resolution: {integrity: sha512-3kOO3cZQv0FAKhrMHGLdb4Qtzpmy78Q6jPN3u8eCY4yqeDTnyQBZvWNHoyCm5WlmL8y6Q6REYMbETLxSH1ggAQ==}
    engines: {node: '>= 12.0.0'}
    peerDependencies:
      '@parcel/core': ^2.5.0
    dependencies:
      '@parcel/core': 2.5.0
      '@parcel/fs': 2.5.0_@parcel+core@2.5.0
      '@parcel/logger': 2.5.0
      '@parcel/utils': 2.5.0
      lmdb: 2.2.4

  /@parcel/codeframe/2.5.0:
    resolution: {integrity: sha512-qafqL8Vu2kr932cCWESoDEEoAeKVi7/xdzTBuhzEJng1AfmRT0rCbt/P4ao3RjiDyozPSjXsHOqM6GDZcto4eQ==}
    engines: {node: '>= 12.0.0'}
    dependencies:
      chalk: 4.1.2

  /@parcel/core/2.5.0:
    resolution: {integrity: sha512-dygDmPsfAYJKTnUftcbEzjCik7AAaPbFvJW8ETYz8diyjkAG9y6hvCAZIrJE5pNOjFzg32en4v4UWv8Sqlzl9g==}
    engines: {node: '>= 12.0.0'}
    dependencies:
      '@mischnic/json-sourcemap': 0.1.0
      '@parcel/cache': 2.5.0_@parcel+core@2.5.0
      '@parcel/diagnostic': 2.5.0
      '@parcel/events': 2.5.0
      '@parcel/fs': 2.5.0_@parcel+core@2.5.0
      '@parcel/graph': 2.5.0
      '@parcel/hash': 2.5.0
      '@parcel/logger': 2.5.0
      '@parcel/package-manager': 2.5.0_@parcel+core@2.5.0
      '@parcel/plugin': 2.5.0_@parcel+core@2.5.0
      '@parcel/source-map': 2.0.2
      '@parcel/types': 2.5.0_@parcel+core@2.5.0
      '@parcel/utils': 2.5.0
      '@parcel/workers': 2.5.0_@parcel+core@2.5.0
      abortcontroller-polyfill: 1.7.3
      base-x: 3.0.9
      browserslist: 4.20.3
      clone: 2.1.2
      dotenv: 7.0.0
      dotenv-expand: 5.1.0
      json5: 2.2.1
      msgpackr: 1.5.7
      nullthrows: 1.1.1
      semver: 5.7.1
    dev: true

  /@parcel/diagnostic/2.5.0:
    resolution: {integrity: sha512-KiMGGRpEV7wl5gjcxBKcgX84a+cG+IEn94gwy5LK3lENR09nuKShqqgKGAmj/17CobJgw1QNP94/H4Md+oxIWg==}
    engines: {node: '>= 12.0.0'}
    dependencies:
      '@mischnic/json-sourcemap': 0.1.0
      nullthrows: 1.1.1

  /@parcel/events/2.5.0:
    resolution: {integrity: sha512-Gc2LPwL1H34Ony5MENbKZg7wvCscZ4x9y7Fu92sfbdWpLo3K13hVtsX3TMIIgYt3B7R7OmO8yR880U2T+JfVkQ==}
    engines: {node: '>= 12.0.0'}

  /@parcel/fs-search/2.5.0:
    resolution: {integrity: sha512-uBONkz9ZCNSOqbPGWJY3MNl+pqBTfvzHH9+4UhzHEHPArvK2oD0+syYPVE60+zGrxybXTESYMCJp4bHvH6Z2hA==}
    engines: {node: '>= 12.0.0'}
    dependencies:
      detect-libc: 1.0.3

  /@parcel/fs/2.5.0_@parcel+core@2.5.0:
    resolution: {integrity: sha512-YYr14BWtx/bJ+hu6PPQQ6G/3omOTWgVqEw+UFI3iQH3P6+e0LRXW/Ja1yAcJeepGcTwIP0opnXZBQOm8PBQ2SA==}
    engines: {node: '>= 12.0.0'}
    peerDependencies:
      '@parcel/core': ^2.5.0
    dependencies:
      '@parcel/core': 2.5.0
      '@parcel/fs-search': 2.5.0
      '@parcel/types': 2.5.0_@parcel+core@2.5.0
      '@parcel/utils': 2.5.0
      '@parcel/watcher': 2.0.5
      '@parcel/workers': 2.5.0_@parcel+core@2.5.0

  /@parcel/graph/2.5.0:
    resolution: {integrity: sha512-qa2VtG08dJyTaWrxYAkMIlkoDRSPoiqLDNxxHKplkcxAjXBUw0/AkWaz82VO5r1G6jfOj+nM30ajH9uygZYwbw==}
    engines: {node: '>= 12.0.0'}
    dependencies:
      '@parcel/utils': 2.5.0
      nullthrows: 1.1.1
    dev: true

  /@parcel/hash/2.5.0:
    resolution: {integrity: sha512-47JL0XpB7UvIW6Ijf8vv+yVMt9dLvB/lRlBHFmAkmovisueVMVbYD7smxVZnCSehD8UH8BcymKbMzyL5dimgoQ==}
    engines: {node: '>= 12.0.0'}
    dependencies:
      detect-libc: 1.0.3
      xxhash-wasm: 0.4.2

  /@parcel/logger/2.5.0:
    resolution: {integrity: sha512-pT1L3ceH6trL1N3I3r2HawPjz/PCubOo/Kazu7IeXsMsKVjj1a6AeieZHzkNZIbhiGPtm/cHbBNLz2zTWDLeOA==}
    engines: {node: '>= 12.0.0'}
    dependencies:
      '@parcel/diagnostic': 2.5.0
      '@parcel/events': 2.5.0

  /@parcel/markdown-ansi/2.5.0:
    resolution: {integrity: sha512-ixkNF3KWIqxMlfxTe9Gb2cp/uNmklQev8VEUxujMVxmUfGyQs4859zdJIQlIinabWYhArhsXATkVf3MzCUN6TQ==}
    engines: {node: '>= 12.0.0'}
    dependencies:
      chalk: 4.1.2

  /@parcel/package-manager/2.5.0_@parcel+core@2.5.0:
    resolution: {integrity: sha512-zTuF55/lITUjw9dUU/X0HiF++589xbPXw/zUiG9T6s8BQThLvrxAhYP89S719pw7cTqDimGkTxnIuK+a0djEkg==}
    engines: {node: '>= 12.0.0'}
    peerDependencies:
      '@parcel/core': ^2.5.0
    dependencies:
      '@parcel/core': 2.5.0
      '@parcel/diagnostic': 2.5.0
      '@parcel/fs': 2.5.0_@parcel+core@2.5.0
      '@parcel/logger': 2.5.0
      '@parcel/types': 2.5.0_@parcel+core@2.5.0
      '@parcel/utils': 2.5.0
      '@parcel/workers': 2.5.0_@parcel+core@2.5.0
      semver: 5.7.1

  /@parcel/plugin/2.5.0_@parcel+core@2.5.0:
    resolution: {integrity: sha512-obtb6/Gql6YFQ86bdv75A2Noabx8679reFZeyfKKf0L7Lppx4DFQetXwM9XVy7Gx6hJ1Ekm3UMuuIyVJk33YHQ==}
    engines: {node: '>= 12.0.0'}
    dependencies:
      '@parcel/types': 2.5.0_@parcel+core@2.5.0
    transitivePeerDependencies:
      - '@parcel/core'

  /@parcel/source-map/2.0.2:
    resolution: {integrity: sha512-NnUrPYLpYB6qyx2v6bcRPn/gVigmGG6M6xL8wIg/i0dP1GLkuY1nf+Hqdf63FzPTqqT7K3k6eE5yHPQVMO5jcA==}
    engines: {node: ^12.18.3 || >=14}
    dependencies:
      detect-libc: 1.0.3

  /@parcel/types/2.5.0_@parcel+core@2.5.0:
    resolution: {integrity: sha512-bA0fhG6aXSGYEVo5Dt96x6lseUQHeVZVzgmiRdZsvb614Gvx22ItfaKhPmAVbM9vzbObZDHl9l9G2Ovw8Xve4g==}
    dependencies:
      '@parcel/cache': 2.5.0_@parcel+core@2.5.0
      '@parcel/diagnostic': 2.5.0
      '@parcel/fs': 2.5.0_@parcel+core@2.5.0
      '@parcel/package-manager': 2.5.0_@parcel+core@2.5.0
      '@parcel/source-map': 2.0.2
      '@parcel/workers': 2.5.0_@parcel+core@2.5.0
      utility-types: 3.10.0
    transitivePeerDependencies:
      - '@parcel/core'

  /@parcel/utils/2.5.0:
    resolution: {integrity: sha512-kaLGXtQuOOH55KZqXdYDvczhh3mk2eeTVqrrXuuihGjbLKYFlUW2tFDm+5r2s9nCPwTQxOO43ZEOCKSnia+e4w==}
    engines: {node: '>= 12.0.0'}
    dependencies:
      '@parcel/codeframe': 2.5.0
      '@parcel/diagnostic': 2.5.0
      '@parcel/hash': 2.5.0
      '@parcel/logger': 2.5.0
      '@parcel/markdown-ansi': 2.5.0
      '@parcel/source-map': 2.0.2
      chalk: 4.1.2

  /@parcel/watcher/2.0.5:
    resolution: {integrity: sha512-x0hUbjv891omnkcHD7ZOhiyyUqUUR6MNjq89JhEI3BxppeKWAm6NPQsqqRrAkCJBogdT/o/My21sXtTI9rJIsw==}
    engines: {node: '>= 10.0.0'}
    requiresBuild: true
    dependencies:
      node-addon-api: 3.2.1
      node-gyp-build: 4.4.0

  /@parcel/workers/2.5.0_@parcel+core@2.5.0:
    resolution: {integrity: sha512-/Ow5OKJWs+9OzV3Jy4J++VnbNx0j3ls/M1CGVBLiBWyCada9DMtquYoBQ4Sk6Uam50BKkIFYetGOeXPNQyyMjg==}
    engines: {node: '>= 12.0.0'}
    peerDependencies:
      '@parcel/core': ^2.5.0
    dependencies:
      '@parcel/core': 2.5.0
      '@parcel/diagnostic': 2.5.0
      '@parcel/logger': 2.5.0
      '@parcel/types': 2.5.0_@parcel+core@2.5.0
      '@parcel/utils': 2.5.0
      chrome-trace-event: 1.0.3
      nullthrows: 1.1.1

  /@tsconfig/recommended/1.0.1:
    resolution: {integrity: sha512-2xN+iGTbPBEzGSnVp/Hd64vKJCJWxsi9gfs88x4PPMyEjHJoA3o5BY9r5OLPHIZU2pAQxkSAsJFqn6itClP8mQ==}
    dev: true

  /@types/node/17.0.33:
    resolution: {integrity: sha512-miWq2m2FiQZmaHfdZNcbpp9PuXg34W5JZ5CrJ/BaS70VuhoJENBEQybeiYSaPBRNq6KQGnjfEnc/F3PN++D+XQ==}
    dev: true

  /abortcontroller-polyfill/1.7.3:
    resolution: {integrity: sha512-zetDJxd89y3X99Kvo4qFx8GKlt6GsvN3UcRZHwU6iFA/0KiOmhkTVhe8oRoTBiTVPZu09x3vCra47+w8Yz1+2Q==}
    dev: true

  /ansi-styles/4.3.0:
    resolution: {integrity: sha512-zbB9rCJAT1rbjiVDb2hqKFHNYLxgtk8NURxZ3IZwD3F6NtxbXZQCnnSi1Lkx+IDohdPlFp222wVALIheZJQSEg==}
    engines: {node: '>=8'}
    dependencies:
      color-convert: 2.0.1

  /base-x/3.0.9:
    resolution: {integrity: sha512-H7JU6iBHTal1gp56aKoaa//YUxEaAOUiydvrV/pILqIHXTtqxSkATOnDA2u+jZ/61sD+L/412+7kzXRtWukhpQ==}
    dependencies:
      safe-buffer: 5.2.1
    dev: true

  /browserslist/4.20.3:
    resolution: {integrity: sha512-NBhymBQl1zM0Y5dQT/O+xiLP9/rzOIQdKM/eMJBAq7yBgaB6krIYLGejrwVYnSHZdqjscB1SPuAjHwxjvN6Wdg==}
    engines: {node: ^6 || ^7 || ^8 || ^9 || ^10 || ^11 || ^12 || >=13.7}
    hasBin: true
    dependencies:
      caniuse-lite: 1.0.30001341
      electron-to-chromium: 1.4.137
      escalade: 3.1.1
      node-releases: 2.0.4
      picocolors: 1.0.0
    dev: true

  /caniuse-lite/1.0.30001341:
    resolution: {integrity: sha512-2SodVrFFtvGENGCv0ChVJIDQ0KPaS1cg7/qtfMaICgeMolDdo/Z2OD32F0Aq9yl6F4YFwGPBS5AaPqNYiW4PoA==}
    dev: true

  /chalk/4.1.2:
    resolution: {integrity: sha512-oKnbhFyRIXpUuez8iBMmyEa4nbj4IOQyuhc/wy9kY7/WVPcwIO9VA668Pu8RkO7+0G76SLROeyw9CpQ061i4mA==}
    engines: {node: '>=10'}
    dependencies:
      ansi-styles: 4.3.0
      supports-color: 7.2.0

  /chrome-trace-event/1.0.3:
    resolution: {integrity: sha512-p3KULyQg4S7NIHixdwbGX+nFHkoBiA4YQmyWtjb8XngSKV124nJmRysgAeujbUVb15vh+RvFUfCPqU7rXk+hZg==}
    engines: {node: '>=6.0'}

  /clone/2.1.2:
    resolution: {integrity: sha1-G39Ln1kfHo+DZwQBYANFoCiHQ18=}
    engines: {node: '>=0.8'}
    dev: true

  /color-convert/2.0.1:
    resolution: {integrity: sha512-RRECPsj7iu/xb5oKYcsFHSppFNnsj/52OVTRKb4zP5onXwVF3zVmmToNcOfGC+CRDpfK/U584fMg38ZHCaElKQ==}
    engines: {node: '>=7.0.0'}
    dependencies:
      color-name: 1.1.4

  /color-name/1.1.4:
    resolution: {integrity: sha512-dOy+3AuW3a2wNbZHIuMZpTcgjGuLU/uBL/ubcZF9OXbDo8ff4O8yVp5Bf0efS8uEoYo5q4Fx7dY9OgQGXgAsQA==}

  /detect-libc/1.0.3:
    resolution: {integrity: sha1-+hN8S9aY7fVc1c0CrFWfkaTEups=}
    engines: {node: '>=0.10'}
    hasBin: true

  /dotenv-expand/5.1.0:
    resolution: {integrity: sha512-YXQl1DSa4/PQyRfgrv6aoNjhasp/p4qs9FjJ4q4cQk+8m4r6k4ZSiEyytKG8f8W9gi8WsQtIObNmKd+tMzNTmA==}
    dev: true

  /dotenv/7.0.0:
    resolution: {integrity: sha512-M3NhsLbV1i6HuGzBUH8vXrtxOk+tWmzWKDMbAVSUp3Zsjm7ywFeuwrUXhmhQyRK1q5B5GGy7hcXPbj3bnfZg2g==}
    engines: {node: '>=6'}
    dev: true

  /electron-to-chromium/1.4.137:
    resolution: {integrity: sha512-0Rcpald12O11BUogJagX3HsCN3FE83DSqWjgXoHo5a72KUKMSfI39XBgJpgNNxS9fuGzytaFjE06kZkiVFy2qA==}
    dev: true

  /escalade/3.1.1:
    resolution: {integrity: sha512-k0er2gUkLf8O0zKJiAhmkTnJlTvINGv7ygDNPbeIsX/TJjGJZHuh9B2UxbsaEkmlEo9MfhrSzmhIlhRlI2GXnw==}
    engines: {node: '>=6'}
    dev: true

  /eta/1.12.3:
    resolution: {integrity: sha512-qHixwbDLtekO/d51Yr4glcaUJCIjGVJyTzuqV4GPlgZo1YpgOKG+avQynErZIYrfM6JIJdtiG2Kox8tbb+DoGg==}
    engines: {node: '>=6.0.0'}
    dev: false

  /has-flag/4.0.0:
    resolution: {integrity: sha512-EykJT/Q1KjTWctppgIAgfSO0tKVuZUjhgMr17kqTumMl6Afv3EISleU7qZUzoXDFTAHTDC4NOoG/ZxU3EvlMPQ==}
    engines: {node: '>=8'}

  /json5/2.2.1:
    resolution: {integrity: sha512-1hqLFMSrGHRHxav9q9gNjJ5EXznIxGVO09xQRrwplcS8qs28pZ8s8hupZAmqDwZUmVZ2Qb2jnyPOWcDH8m8dlA==}
    engines: {node: '>=6'}
    hasBin: true

  /lmdb/2.2.4:
    resolution: {integrity: sha512-gto+BB2uEob8qRiTlOq+R3uX0YNHsX9mjxj9Sbdue/LIKqu6IlZjrsjKeGyOMquc/474GEqFyX2pdytpydp0rQ==}
    requiresBuild: true
    dependencies:
      msgpackr: 1.5.7
      nan: 2.15.0
      node-gyp-build: 4.4.0
      ordered-binary: 1.2.5
      weak-lru-cache: 1.2.2

  /msgpackr-extract-darwin-arm64/1.1.0:
    resolution: {integrity: sha512-s1kHoT12tS2cCQOv+Wl3I+/cYNJXBPtwQqGA+dPYoXmchhXiE0Nso+BIfvQ5PxbmAyjj54Q5o7PnLTqVquNfZA==}
    cpu: [arm64]
    os: [darwin]
    requiresBuild: true
    optional: true

  /msgpackr-extract-darwin-x64/1.1.0:
    resolution: {integrity: sha512-yx/H/i12IKg4eWGu/eKdKzJD4jaYvvujQSaVmeOMCesbSQnWo5X6YR9TFjoiNoU9Aexk1KufzL9gW+1DozG1yw==}
    cpu: [x64]
    os: [darwin]
    requiresBuild: true
    optional: true

  /msgpackr-extract-linux-arm/1.1.0:
    resolution: {integrity: sha512-0VvSCqi12xpavxl14gMrauwIzHqHbmSChUijy/uo3mpjB1Pk4vlisKpZsaOZvNJyNKj0ACi5jYtbWnnOd7hYGw==}
    cpu: [arm]
    os: [linux]
    requiresBuild: true
    optional: true

  /msgpackr-extract-linux-arm64/1.1.0:
    resolution: {integrity: sha512-AxFle3fHNwz2V4CYDIGFxI6o/ZuI0lBKg0uHI8EcCMUmDE5mVAUWYge5WXmORVvb8sVWyVgFlmi3MTu4Ve6tNQ==}
    cpu: [arm64]
    os: [linux]
    requiresBuild: true
    optional: true

  /msgpackr-extract-linux-x64/1.1.0:
    resolution: {integrity: sha512-O+XoyNFWpdB8oQL6O/YyzffPpmG5rTNrr1nKLW70HD2ENJUhcITzbV7eZimHPzkn8LAGls1tBaMTHQezTBpFOw==}
    cpu: [x64]
    os: [linux]
    requiresBuild: true
    optional: true

  /msgpackr-extract-win32-x64/1.1.0:
    resolution: {integrity: sha512-6AJdM5rNsL4yrskRfhujVSPEd6IBpgvsnIT/TPowKNLQ62iIdryizPY2PJNFiW3AJcY249AHEiDBXS1cTDPxzA==}
    cpu: [x64]
    os: [win32]
    requiresBuild: true
    optional: true

  /msgpackr-extract/1.1.4:
    resolution: {integrity: sha512-WQbHvsThprXh+EqZYy+SQFEs7z6bNM7a0vgirwUfwUcphWGT2mdPcpyLCNiRsN6w5q5VKJUMblHY+tNEyceb9Q==}
    requiresBuild: true
    dependencies:
      node-gyp-build-optional-packages: 4.3.2
    optionalDependencies:
      msgpackr-extract-darwin-arm64: 1.1.0
      msgpackr-extract-darwin-x64: 1.1.0
      msgpackr-extract-linux-arm: 1.1.0
      msgpackr-extract-linux-arm64: 1.1.0
      msgpackr-extract-linux-x64: 1.1.0
      msgpackr-extract-win32-x64: 1.1.0
    optional: true

  /msgpackr/1.5.7:
    resolution: {integrity: sha512-Hsa80i8W4BiObSMHslfnwC+CC1CYHZzoXJZn0+3EvoCEOgt3c5QlXhdcjgFk2aZxMgpV8aUFZqJyQUCIp4UrzA==}
    optionalDependencies:
      msgpackr-extract: 1.1.4

  /nan/2.15.0:
    resolution: {integrity: sha512-8ZtvEnA2c5aYCZYd1cvgdnU6cqwixRoYg70xPLWUws5ORTa/lnw+u4amixRS/Ac5U5mQVgp9pnlSUnbNWFaWZQ==}

  /node-addon-api/3.2.1:
    resolution: {integrity: sha512-mmcei9JghVNDYydghQmeDX8KoAm0FAiYyIcUt/N4nhyAipB17pllZQDOJD2fotxABnt4Mdz+dKTO7eftLg4d0A==}

  /node-gyp-build-optional-packages/4.3.2:
    resolution: {integrity: sha512-P5Ep3ISdmwcCkZIaBaQamQtWAG0facC89phWZgi5Z3hBU//J6S48OIvyZWSPPf6yQMklLZiqoosWAZUj7N+esA==}
    hasBin: true
    optional: true

  /node-gyp-build/4.4.0:
    resolution: {integrity: sha512-amJnQCcgtRVw9SvoebO3BKGESClrfXGCUTX9hSn1OuGQTQBOZmVd0Z0OlecpuRksKvbsUqALE8jls/ErClAPuQ==}
    hasBin: true

  /node-releases/2.0.4:
    resolution: {integrity: sha512-gbMzqQtTtDz/00jQzZ21PQzdI9PyLYqUSvD0p3naOhX4odFji0ZxYdnVwPTxmSwkmxhcFImpozceidSG+AgoPQ==}
    dev: true

  /nullthrows/1.1.1:
    resolution: {integrity: sha512-2vPPEi+Z7WqML2jZYddDIfy5Dqb0r2fze2zTxNNknZaFpVHU3mFB3R+DWeJWGVx0ecvttSGlJTI+WG+8Z4cDWw==}

  /ordered-binary/1.2.5:
    resolution: {integrity: sha512-djRmZoEpOGvIRW7ufsCDHtvcUa18UC9TxnPbHhSVFZHsoyg0dtut1bWtBZ/fmxdPN62oWXrV6adM7NoWU+CneA==}

  /picocolors/1.0.0:
    resolution: {integrity: sha512-1fygroTLlHu66zi26VoTDv8yRgm0Fccecssto+MhsZ0D/DGW2sm8E8AjW7NU5VVTRt5GxbeZ5qBuJr+HyLYkjQ==}
    dev: true

  /safe-buffer/5.2.1:
    resolution: {integrity: sha512-rp3So07KcdmmKbGvgaNxQSJr7bGVSVk5S9Eq1F+ppbRo70+YeaDxkw5Dd8NPN+GD6bjnYm2VuPuCXmpuYvmCXQ==}
    dev: true

  /semver/5.7.1:
    resolution: {integrity: sha512-sauaDf/PZdVgrLTNYHRtpXa1iRiKcaebiKQ1BJdpQlWH2lCvexQdX55snPFyK7QzpudqbCI0qXFfOasHdyNDGQ==}
    hasBin: true

  /supports-color/7.2.0:
    resolution: {integrity: sha512-qpCAvRl9stuOHveKsn7HncJRvv501qIacKzQlO/+Lwxc9+0q2wLyv4Dfvt80/DPn2pqOBsJdDiogXGR9+OvwRw==}
    engines: {node: '>=8'}
    dependencies:
      has-flag: 4.0.0

  /typescript/4.6.4:
    resolution: {integrity: sha512-9ia/jWHIEbo49HfjrLGfKbZSuWo9iTMwXO+Ca3pRsSpbsMbc7/IU8NKdCZVRRBafVPGnoJeFL76ZOAA84I9fEg==}
    engines: {node: '>=4.2.0'}
    hasBin: true
    dev: true

  /utility-types/3.10.0:
    resolution: {integrity: sha512-O11mqxmi7wMKCo6HKFt5AhO4BwY3VV68YU07tgxfz8zJTIxr4BpsezN49Ffwy9j3ZpwwJp4fkRwjRzq3uWE6Rg==}
    engines: {node: '>= 4'}

  /weak-lru-cache/1.2.2:
    resolution: {integrity: sha512-DEAoo25RfSYMuTGc9vPJzZcZullwIqRDSI9LOy+fkCJPi6hykCnfKaXTuPBDuXAUcqHXyOgFtHNp/kB2FjYHbw==}

  /xxhash-wasm/0.4.2:
    resolution: {integrity: sha512-/eyHVRJQCirEkSZ1agRSCwriMhwlyUcFkXD5TPVSLP+IPzjsqMVzZwdoczLp1SoQU0R3dxz1RpIK+4YNQbCVOA==}
